
Microsoft Visual Studio Solution File, Format Version 12.00
# Visual Studio Version 17
VisualStudioVersion = 17.4.33205.214
MinimumVisualStudioVersion = 10.0.40219.1
Project("{FAE04EC0-301F-11D3-BF4B-00C04F79EFBC}") = "battleTest", "battleTest.csproj", "{F21988B6-1F24-4496-A7CE-5A3AD95ED470}"
EndProject
Global
	GlobalSection(SolutionConfigurationPlatforms) = preSolution
		Debug|Any CPU = Debug|Any CPU
		Release|Any CPU = Release|Any CPU
	EndGlobalSection
	GlobalSection(ProjectConfigurationPlatforms) = postSolution
		{F21988B6-1F24-4496-A7CE-5A3AD95ED470}.Debug|Any CPU.ActiveCfg = Debug|Any CPU
		{F21988B6-1F24-4496-A7CE-5A3AD95ED470}.Debug|Any CPU.Build.0 = Debug|Any CPU
		{F21988B6-1F24-4496-A7CE-5A3AD95ED470}.Release|Any CPU.ActiveCfg = Release|Any CPU
		{F21988B6-1F24-4496-A7CE-5A3AD95ED470}.Release|Any CPU.Build.0 = Release|Any CPU
	EndGlobalSection
	GlobalSection(SolutionProperties) = preSolution
		HideSolutionNode = FALSE
	EndGlobalSection
	GlobalSection(ExtensibilityGlobals) = postSolution
		SolutionGuid = {332769BA-AD03-4592-A6FC-CB3F6D620E47}
	EndGlobalSection
EndGlobal
